
Microsoft Visual Studio Solution File, Format Version 12.00
# Visual Studio Version 17
VisualStudioVersion = 17.9.34616.47
MinimumVisualStudioVersion = 10.0.40219.1
Project("{FAE04EC0-301F-11D3-BF4B-00C04F79EFBC}") = "bezoni-shoes-store.Server", "bezoni-shoes-store.Server\bezoni-shoes-store.Server.csproj", "{99BB6B4C-3E9C-4B2F-8EDF-2E9CA4863AB4}"
EndProject
Project("{54A90642-561A-4BB1-A94E-469ADEE60C69}") = "bezoni-shoes-store.client", "bezoni-shoes-store.client\bezoni-shoes-store.client.esproj", "{F0355D2B-07E3-40A1-B099-9140C6DB32E3}"
EndProject
Global
	GlobalSection(SolutionConfigurationPlatforms) = preSolution
		Debug|Any CPU = Debug|Any CPU
		Release|Any CPU = Release|Any CPU
	EndGlobalSection
	GlobalSection(ProjectConfigurationPlatforms) = postSolution
		{99BB6B4C-3E9C-4B2F-8EDF-2E9CA4863AB4}.Debug|Any CPU.ActiveCfg = Debug|Any CPU
		{99BB6B4C-3E9C-4B2F-8EDF-2E9CA4863AB4}.Debug|Any CPU.Build.0 = Debug|Any CPU
		{99BB6B4C-3E9C-4B2F-8EDF-2E9CA4863AB4}.Release|Any CPU.ActiveCfg = Release|Any CPU
		{99BB6B4C-3E9C-4B2F-8EDF-2E9CA4863AB4}.Release|Any CPU.Build.0 = Release|Any CPU
		{F0355D2B-07E3-40A1-B099-9140C6DB32E3}.Debug|Any CPU.ActiveCfg = Debug|Any CPU
		{F0355D2B-07E3-40A1-B099-9140C6DB32E3}.Debug|Any CPU.Build.0 = Debug|Any CPU
		{F0355D2B-07E3-40A1-B099-9140C6DB32E3}.Debug|Any CPU.Deploy.0 = Debug|Any CPU
		{F0355D2B-07E3-40A1-B099-9140C6DB32E3}.Release|Any CPU.ActiveCfg = Release|Any CPU
		{F0355D2B-07E3-40A1-B099-9140C6DB32E3}.Release|Any CPU.Build.0 = Release|Any CPU
		{F0355D2B-07E3-40A1-B099-9140C6DB32E3}.Release|Any CPU.Deploy.0 = Release|Any CPU
	EndGlobalSection
	GlobalSection(SolutionProperties) = preSolution
		HideSolutionNode = FALSE
	EndGlobalSection
	GlobalSection(ExtensibilityGlobals) = postSolution
		SolutionGuid = {1B342580-580E-4465-832E-82ABE47FD874}
	EndGlobalSection
EndGlobal
